
Microsoft Visual Studio Solution File, Format Version 12.00
# Visual Studio 14
VisualStudioVersion = 14.0.24720.0
MinimumVisualStudioVersion = 10.0.40219.1
Project("{FAE04EC0-301F-11D3-BF4B-00C04F79EFBC}") = "Odefood", "Odefood\Odefood.csproj", "{54D6DF50-53D5-4229-9180-96FCBDBBE01E}"
EndProject
Project("{FAE04EC0-301F-11D3-BF4B-00C04F79EFBC}") = "Odefood.Tests", "Odefood.Tests\Odefood.Tests.csproj", "{6FE8B319-1050-43F2-9502-4BB25C5B3FBE}"
EndProject
Global
	GlobalSection(SolutionConfigurationPlatforms) = preSolution
		Debug|Any CPU = Debug|Any CPU
		Release|Any CPU = Release|Any CPU
	EndGlobalSection
	GlobalSection(ProjectConfigurationPlatforms) = postSolution
		{54D6DF50-53D5-4229-9180-96FCBDBBE01E}.Debug|Any CPU.ActiveCfg = Debug|Any CPU
		{54D6DF50-53D5-4229-9180-96FCBDBBE01E}.Debug|Any CPU.Build.0 = Debug|Any CPU
		{54D6DF50-53D5-4229-9180-96FCBDBBE01E}.Release|Any CPU.ActiveCfg = Release|Any CPU
		{54D6DF50-53D5-4229-9180-96FCBDBBE01E}.Release|Any CPU.Build.0 = Release|Any CPU
		{6FE8B319-1050-43F2-9502-4BB25C5B3FBE}.Debug|Any CPU.ActiveCfg = Debug|Any CPU
		{6FE8B319-1050-43F2-9502-4BB25C5B3FBE}.Debug|Any CPU.Build.0 = Debug|Any CPU
		{6FE8B319-1050-43F2-9502-4BB25C5B3FBE}.Release|Any CPU.ActiveCfg = Release|Any CPU
		{6FE8B319-1050-43F2-9502-4BB25C5B3FBE}.Release|Any CPU.Build.0 = Release|Any CPU
	EndGlobalSection
	GlobalSection(SolutionProperties) = preSolution
		HideSolutionNode = FALSE
	EndGlobalSection
EndGlobal
